
Microsoft Visual Studio Solution File, Format Version 12.00
# Visual Studio Version 17
VisualStudioVersion = 17.0.32014.148
MinimumVisualStudioVersion = 10.0.40219.1
Project("{FAE04EC0-301F-11D3-BF4B-00C04F79EFBC}") = "DBConnection", "DBConnection\DBConnection.csproj", "{DC666B3F-F528-4BE7-BA9B-61B6D2E4B0C7}"
EndProject
Global
	GlobalSection(SolutionConfigurationPlatforms) = preSolution
		Debug|Any CPU = Debug|Any CPU
		Release|Any CPU = Release|Any CPU
	EndGlobalSection
	GlobalSection(ProjectConfigurationPlatforms) = postSolution
		{DC666B3F-F528-4BE7-BA9B-61B6D2E4B0C7}.Debug|Any CPU.ActiveCfg = Debug|Any CPU
		{DC666B3F-F528-4BE7-BA9B-61B6D2E4B0C7}.Debug|Any CPU.Build.0 = Debug|Any CPU
		{DC666B3F-F528-4BE7-BA9B-61B6D2E4B0C7}.Release|Any CPU.ActiveCfg = Release|Any CPU
		{DC666B3F-F528-4BE7-BA9B-61B6D2E4B0C7}.Release|Any CPU.Build.0 = Release|Any CPU
	EndGlobalSection
	GlobalSection(SolutionProperties) = preSolution
		HideSolutionNode = FALSE
	EndGlobalSection
	GlobalSection(ExtensibilityGlobals) = postSolution
		SolutionGuid = {7A7C5256-DB84-4178-8403-2075E4D86842}
	EndGlobalSection
EndGlobal
