
Microsoft Visual Studio Solution File, Format Version 12.00
# Visual Studio Version 17
VisualStudioVersion = 17.0.32014.148
MinimumVisualStudioVersion = 10.0.40219.1
Project("{FAE04EC0-301F-11D3-BF4B-00C04F79EFBC}") = "CreatingDataTable", "CreatingDataTable\CreatingDataTable.csproj", "{B69A1097-34B5-4D0E-80B7-8A7B50783E02}"
EndProject
Global
	GlobalSection(SolutionConfigurationPlatforms) = preSolution
		Debug|Any CPU = Debug|Any CPU
		Release|Any CPU = Release|Any CPU
	EndGlobalSection
	GlobalSection(ProjectConfigurationPlatforms) = postSolution
		{B69A1097-34B5-4D0E-80B7-8A7B50783E02}.Debug|Any CPU.ActiveCfg = Debug|Any CPU
		{B69A1097-34B5-4D0E-80B7-8A7B50783E02}.Debug|Any CPU.Build.0 = Debug|Any CPU
		{B69A1097-34B5-4D0E-80B7-8A7B50783E02}.Release|Any CPU.ActiveCfg = Release|Any CPU
		{B69A1097-34B5-4D0E-80B7-8A7B50783E02}.Release|Any CPU.Build.0 = Release|Any CPU
	EndGlobalSection
	GlobalSection(SolutionProperties) = preSolution
		HideSolutionNode = FALSE
	EndGlobalSection
	GlobalSection(ExtensibilityGlobals) = postSolution
		SolutionGuid = {20FAAC50-0368-49A5-A2FA-2591A971BBF0}
	EndGlobalSection
EndGlobal
