
Microsoft Visual Studio Solution File, Format Version 12.00
# Visual Studio Version 17
VisualStudioVersion = 17.0.32014.148
MinimumVisualStudioVersion = 10.0.40219.1
Project("{FAE04EC0-301F-11D3-BF4B-00C04F79EFBC}") = "DataAdapterWizard", "DataAdapterWizard\DataAdapterWizard.csproj", "{482E5778-990D-4EA9-BFCA-E3AD078815FB}"
EndProject
Global
	GlobalSection(SolutionConfigurationPlatforms) = preSolution
		Debug|Any CPU = Debug|Any CPU
		Release|Any CPU = Release|Any CPU
	EndGlobalSection
	GlobalSection(ProjectConfigurationPlatforms) = postSolution
		{482E5778-990D-4EA9-BFCA-E3AD078815FB}.Debug|Any CPU.ActiveCfg = Debug|Any CPU
		{482E5778-990D-4EA9-BFCA-E3AD078815FB}.Debug|Any CPU.Build.0 = Debug|Any CPU
		{482E5778-990D-4EA9-BFCA-E3AD078815FB}.Release|Any CPU.ActiveCfg = Release|Any CPU
		{482E5778-990D-4EA9-BFCA-E3AD078815FB}.Release|Any CPU.Build.0 = Release|Any CPU
	EndGlobalSection
	GlobalSection(SolutionProperties) = preSolution
		HideSolutionNode = FALSE
	EndGlobalSection
	GlobalSection(ExtensibilityGlobals) = postSolution
		SolutionGuid = {75CFD6C4-3532-46FB-97FF-F981DE8D524E}
	EndGlobalSection
EndGlobal
